
Microsoft Visual Studio Solution File, Format Version 12.00
# Visual Studio Version 16
VisualStudioVersion = 16.0.31624.102
MinimumVisualStudioVersion = 10.0.40219.1
Project("{888888A0-9F3D-457C-B088-3A5042F75D52}") = "ParcerAll", "ParcerAll\ParcerAll.pyproj", "{752AF32A-FDAC-4B74-9D1C-62BF02E98772}"
EndProject
Global
	GlobalSection(SolutionConfigurationPlatforms) = preSolution
		Debug|Any CPU = Debug|Any CPU
		Release|Any CPU = Release|Any CPU
	EndGlobalSection
	GlobalSection(ProjectConfigurationPlatforms) = postSolution
		{752AF32A-FDAC-4B74-9D1C-62BF02E98772}.Debug|Any CPU.ActiveCfg = Debug|Any CPU
		{752AF32A-FDAC-4B74-9D1C-62BF02E98772}.Release|Any CPU.ActiveCfg = Release|Any CPU
	EndGlobalSection
	GlobalSection(SolutionProperties) = preSolution
		HideSolutionNode = FALSE
	EndGlobalSection
	GlobalSection(ExtensibilityGlobals) = postSolution
		SolutionGuid = {B320FB36-7A77-42F5-878C-978D18A0C852}
	EndGlobalSection
EndGlobal
