
Microsoft Visual Studio Solution File, Format Version 12.00
# Visual Studio Version 16
VisualStudioVersion = 16.0.31624.102
MinimumVisualStudioVersion = 10.0.40219.1
Project("{888888A0-9F3D-457C-B088-3A5042F75D52}") = "ParcerALLO_no_marcetplace_2_magnitol", "ParcerALLO_no_marcetplace_2_magnitol\ParcerALLO_no_marcetplace_2_magnitol.pyproj", "{02E4E64D-08AB-48A4-AEBE-E2EADA389B58}"
EndProject
Global
	GlobalSection(SolutionConfigurationPlatforms) = preSolution
		Debug|Any CPU = Debug|Any CPU
		Release|Any CPU = Release|Any CPU
	EndGlobalSection
	GlobalSection(ProjectConfigurationPlatforms) = postSolution
		{02E4E64D-08AB-48A4-AEBE-E2EADA389B58}.Debug|Any CPU.ActiveCfg = Debug|Any CPU
		{02E4E64D-08AB-48A4-AEBE-E2EADA389B58}.Release|Any CPU.ActiveCfg = Release|Any CPU
	EndGlobalSection
	GlobalSection(SolutionProperties) = preSolution
		HideSolutionNode = FALSE
	EndGlobalSection
	GlobalSection(ExtensibilityGlobals) = postSolution
		SolutionGuid = {B93EF35A-369D-4731-B7F8-3E6D58AD15E0}
	EndGlobalSection
EndGlobal
