
Microsoft Visual Studio Solution File, Format Version 12.00
# Visual Studio Version 16
VisualStudioVersion = 16.0.31624.102
MinimumVisualStudioVersion = 10.0.40219.1
Project("{888888A0-9F3D-457C-B088-3A5042F75D52}") = "ZZHUK_parcer", "ZZHUK_parcer\ZZHUK_parcer.pyproj", "{31EF9D9D-4340-45BD-9247-DE3CD21DEA72}"
EndProject
Global
	GlobalSection(SolutionConfigurationPlatforms) = preSolution
		Debug|Any CPU = Debug|Any CPU
		Release|Any CPU = Release|Any CPU
	EndGlobalSection
	GlobalSection(ProjectConfigurationPlatforms) = postSolution
		{31EF9D9D-4340-45BD-9247-DE3CD21DEA72}.Debug|Any CPU.ActiveCfg = Debug|Any CPU
		{31EF9D9D-4340-45BD-9247-DE3CD21DEA72}.Release|Any CPU.ActiveCfg = Release|Any CPU
	EndGlobalSection
	GlobalSection(SolutionProperties) = preSolution
		HideSolutionNode = FALSE
	EndGlobalSection
	GlobalSection(ExtensibilityGlobals) = postSolution
		SolutionGuid = {003F955E-9720-45A3-9EE1-B5F3FAB29553}
	EndGlobalSection
EndGlobal
