
Microsoft Visual Studio Solution File, Format Version 12.00
# Visual Studio Version 16
VisualStudioVersion = 16.0.31624.102
MinimumVisualStudioVersion = 10.0.40219.1
Project("{888888A0-9F3D-457C-B088-3A5042F75D52}") = "Rozetka_Parcer", "Rozetka_Parcer\Rozetka_Parcer.pyproj", "{B96446E0-06EC-4A9B-A410-A844C3DA07CF}"
EndProject
Global
	GlobalSection(SolutionConfigurationPlatforms) = preSolution
		Debug|Any CPU = Debug|Any CPU
		Release|Any CPU = Release|Any CPU
	EndGlobalSection
	GlobalSection(ProjectConfigurationPlatforms) = postSolution
		{B96446E0-06EC-4A9B-A410-A844C3DA07CF}.Debug|Any CPU.ActiveCfg = Debug|Any CPU
		{B96446E0-06EC-4A9B-A410-A844C3DA07CF}.Release|Any CPU.ActiveCfg = Release|Any CPU
	EndGlobalSection
	GlobalSection(SolutionProperties) = preSolution
		HideSolutionNode = FALSE
	EndGlobalSection
	GlobalSection(ExtensibilityGlobals) = postSolution
		SolutionGuid = {E0612AE9-54D7-4857-836E-AD9FA6E2CFCB}
	EndGlobalSection
EndGlobal
